
Microsoft Visual Studio Solution File, Format Version 12.00
# Visual Studio 2012
Project("{FAE04EC0-301F-11D3-BF4B-00C04F79EFBC}") = "Avalonia", "Avalonia\Avalonia.csproj", "{46EA210F-DFF1-4AC0-B7BF-6362141DC61A}"
EndProject
Project("{FAE04EC0-301F-11D3-BF4B-00C04F79EFBC}") = "Test", "Test\Test.csproj", "{6D06D294-5AA4-42CE-8391-939E417AA33C}"
EndProject
Project("{FAE04EC0-301F-11D3-BF4B-00C04F79EFBC}") = "Avalonia.Direct2D1", "Avalonia.Direct2D1\Avalonia.Direct2D1.csproj", "{8F7013FA-16C2-4FDA-99A3-509FBBEA645E}"
EndProject
Project("{FAE04EC0-301F-11D3-BF4B-00C04F79EFBC}") = "Avalonia.UnitTests", "Avalonia.UnitTests\Avalonia.UnitTests.csproj", "{F492E4E9-1BC3-4A5F-867D-ABD26A0757FA}"
EndProject
Global
	GlobalSection(SolutionConfigurationPlatforms) = preSolution
		Debug|Any CPU = Debug|Any CPU
		Release|Any CPU = Release|Any CPU
	EndGlobalSection
	GlobalSection(ProjectConfigurationPlatforms) = postSolution
		{46EA210F-DFF1-4AC0-B7BF-6362141DC61A}.Debug|Any CPU.ActiveCfg = Debug|Any CPU
		{46EA210F-DFF1-4AC0-B7BF-6362141DC61A}.Debug|Any CPU.Build.0 = Debug|Any CPU
		{46EA210F-DFF1-4AC0-B7BF-6362141DC61A}.Release|Any CPU.ActiveCfg = Release|Any CPU
		{46EA210F-DFF1-4AC0-B7BF-6362141DC61A}.Release|Any CPU.Build.0 = Release|Any CPU
		{6D06D294-5AA4-42CE-8391-939E417AA33C}.Debug|Any CPU.ActiveCfg = Debug|Any CPU
		{6D06D294-5AA4-42CE-8391-939E417AA33C}.Debug|Any CPU.Build.0 = Debug|Any CPU
		{6D06D294-5AA4-42CE-8391-939E417AA33C}.Release|Any CPU.ActiveCfg = Release|Any CPU
		{6D06D294-5AA4-42CE-8391-939E417AA33C}.Release|Any CPU.Build.0 = Release|Any CPU
		{8F7013FA-16C2-4FDA-99A3-509FBBEA645E}.Debug|Any CPU.ActiveCfg = Debug|Any CPU
		{8F7013FA-16C2-4FDA-99A3-509FBBEA645E}.Debug|Any CPU.Build.0 = Debug|Any CPU
		{8F7013FA-16C2-4FDA-99A3-509FBBEA645E}.Release|Any CPU.ActiveCfg = Release|Any CPU
		{8F7013FA-16C2-4FDA-99A3-509FBBEA645E}.Release|Any CPU.Build.0 = Release|Any CPU
		{F492E4E9-1BC3-4A5F-867D-ABD26A0757FA}.Debug|Any CPU.ActiveCfg = Debug|Any CPU
		{F492E4E9-1BC3-4A5F-867D-ABD26A0757FA}.Debug|Any CPU.Build.0 = Debug|Any CPU
		{F492E4E9-1BC3-4A5F-867D-ABD26A0757FA}.Release|Any CPU.ActiveCfg = Release|Any CPU
		{F492E4E9-1BC3-4A5F-867D-ABD26A0757FA}.Release|Any CPU.Build.0 = Release|Any CPU
	EndGlobalSection
	GlobalSection(SolutionProperties) = preSolution
		HideSolutionNode = FALSE
	EndGlobalSection
EndGlobal
